
Microsoft Visual Studio Solution File, Format Version 12.00
# Visual Studio Version 16
VisualStudioVersion = 16.0.31729.503
MinimumVisualStudioVersion = 10.0.40219.1
Project("{FAE04EC0-301F-11D3-BF4B-00C04F79EFBC}") = "Home_organizer", "Home_organizer\Home_organizer.csproj", "{E47662A0-B469-4FFD-AE18-1045DB8ACCEB}"
EndProject
Global
	GlobalSection(SolutionConfigurationPlatforms) = preSolution
		Debug|Any CPU = Debug|Any CPU
		Release|Any CPU = Release|Any CPU
	EndGlobalSection
	GlobalSection(ProjectConfigurationPlatforms) = postSolution
		{E47662A0-B469-4FFD-AE18-1045DB8ACCEB}.Debug|Any CPU.ActiveCfg = Debug|Any CPU
		{E47662A0-B469-4FFD-AE18-1045DB8ACCEB}.Debug|Any CPU.Build.0 = Debug|Any CPU
		{E47662A0-B469-4FFD-AE18-1045DB8ACCEB}.Release|Any CPU.ActiveCfg = Release|Any CPU
		{E47662A0-B469-4FFD-AE18-1045DB8ACCEB}.Release|Any CPU.Build.0 = Release|Any CPU
	EndGlobalSection
	GlobalSection(SolutionProperties) = preSolution
		HideSolutionNode = FALSE
	EndGlobalSection
	GlobalSection(ExtensibilityGlobals) = postSolution
		SolutionGuid = {1B60B8CD-13CF-4EC3-AB59-E539D491DCE8}
	EndGlobalSection
EndGlobal
